PODS:
  - Kingfisher (4.10.1)
  - SwiftLint (0.30.1)

DEPENDENCIES:
  - Kingfisher (~> 4.0)
  - SwiftLint

SPEC REPOS:
  trunk:
    - Kingfisher
    - SwiftLint

SPEC CHECKSUMS:
  Kingfisher: c148cd7b47ebde9989f6bc7c27dcaa79d81279a0
  SwiftLint: a54bf1fe12b55c68560eb2a7689dfc81458508f7

PODFILE CHECKSUM: 6e6a9ec361d423dda58b84ff6d77bd8e74fb1961

COCOAPODS: 1.8.4
