// !$*UTF8*$!
{
	archiveVersion = 1;
	classes = {
	};
	objectVersion = 51;
	objects = {

/* Begin PBXBuildFile section */
		2FACC046E8EEC7B776098967 /* Pods_MarvelAppTests.framework in Frameworks */ = {isa = PBXBuildFile; fileRef = 96B1A6D31011B2CE1E2DC860 /* Pods_MarvelAppTests.framework */; };
		8D29394621B6A1300072D6CB /* AppDelegate.swift in Sources */ = {isa = PBXBuildFile; fileRef = 8D29394521B6A1300072D6CB /* AppDelegate.swift */; };
		8D29394D21B6A1320072D6CB /* Assets.xcassets in Resources */ = {isa = PBXBuildFile; fileRef = 8D29394C21B6A1320072D6CB /* Assets.xcassets */; };
		8D29395021B6A1320072D6CB /* LaunchScreen.storyboard in Resources */ = {isa = PBXBuildFile; fileRef = 8D29394E21B6A1320072D6CB /* LaunchScreen.storyboard */; };
		8D29396621B6A1BE0072D6CB /* MarvelApi.swift in Sources */ = {isa = PBXBuildFile; fileRef = 8D29396521B6A1BE0072D6CB /* MarvelApi.swift */; };
		8D29396821B6DEC90072D6CB /* DataWrapper.swift in Sources */ = {isa = PBXBuildFile; fileRef = 8D29396721B6DEC90072D6CB /* DataWrapper.swift */; };
		8D29396A21B6E08F0072D6CB /* MarvelApiTest.swift in Sources */ = {isa = PBXBuildFile; fileRef = 8D29396921B6E08F0072D6CB /* MarvelApiTest.swift */; };
		8D3E136521B8DFC100CEBFE7 /* CharacterDetailViewController.swift in Sources */ = {isa = PBXBuildFile; fileRef = 8D3E136321B8DFC100CEBFE7 /* CharacterDetailViewController.swift */; };
		8D3E136621B8DFC100CEBFE7 /* CharacterDetailViewController.xib in Resources */ = {isa = PBXBuildFile; fileRef = 8D3E136421B8DFC100CEBFE7 /* CharacterDetailViewController.xib */; };
		8D3E137121B98DE800CEBFE7 /* ComicCell.swift in Sources */ = {isa = PBXBuildFile; fileRef = 8D3E136F21B98DE700CEBFE7 /* ComicCell.swift */; };
		8D3E137221B98DE800CEBFE7 /* ComicCell.xib in Resources */ = {isa = PBXBuildFile; fileRef = 8D3E137021B98DE800CEBFE7 /* ComicCell.xib */; };
		8D3E137521B9908700CEBFE7 /* HeaderComicReusableView.swift in Sources */ = {isa = PBXBuildFile; fileRef = 8D3E137321B9908700CEBFE7 /* HeaderComicReusableView.swift */; };
		8D3E137621B9908700CEBFE7 /* HeaderComicReusableView.xib in Resources */ = {isa = PBXBuildFile; fileRef = 8D3E137421B9908700CEBFE7 /* HeaderComicReusableView.xib */; };
		8D3E137821B9AA2F00CEBFE7 /* CharacterDetailViewModel.swift in Sources */ = {isa = PBXBuildFile; fileRef = 8D3E137721B9AA2F00CEBFE7 /* CharacterDetailViewModel.swift */; };
		8D3E137A21BA2CE500CEBFE7 /* String+calculateHeight.swift in Sources */ = {isa = PBXBuildFile; fileRef = 8D3E137921BA2CE500CEBFE7 /* String+calculateHeight.swift */; };
		8D5B0DE321B6F5350024BC8C /* MarvelConfig.swift in Sources */ = {isa = PBXBuildFile; fileRef = 8D5B0DE221B6F5350024BC8C /* MarvelConfig.swift */; };
		8D5B0DE521B717610024BC8C /* MarvelApiProvider.swift in Sources */ = {isa = PBXBuildFile; fileRef = 8D5B0DE421B717610024BC8C /* MarvelApiProvider.swift */; };
		8D5B0DEC21B7345F0024BC8C /* ListCharactersViewController.swift in Sources */ = {isa = PBXBuildFile; fileRef = 8D5B0DEA21B7345F0024BC8C /* ListCharactersViewController.swift */; };
		8D5B0DED21B7345F0024BC8C /* ListCharactersViewController.xib in Resources */ = {isa = PBXBuildFile; fileRef = 8D5B0DEB21B7345F0024BC8C /* ListCharactersViewController.xib */; };
		8D5B0DEF21B735380024BC8C /* ListCharactersViewModel.swift in Sources */ = {isa = PBXBuildFile; fileRef = 8D5B0DEE21B735380024BC8C /* ListCharactersViewModel.swift */; };
		8D5B0DF621B76A590024BC8C /* CharacterViewModel.swift in Sources */ = {isa = PBXBuildFile; fileRef = 8D5B0DF521B76A590024BC8C /* CharacterViewModel.swift */; };
		8D5B0DFD21B774380024BC8C /* CharacterCell.swift in Sources */ = {isa = PBXBuildFile; fileRef = 8D5B0DFB21B774380024BC8C /* CharacterCell.swift */; };
		8D5B0DFE21B774380024BC8C /* CharacterCell.xib in Resources */ = {isa = PBXBuildFile; fileRef = 8D5B0DFC21B774380024BC8C /* CharacterCell.xib */; };
		8D5B0E0021B7745B0024BC8C /* CollectionViewExtensions.swift in Sources */ = {isa = PBXBuildFile; fileRef = 8D5B0DFF21B7745B0024BC8C /* CollectionViewExtensions.swift */; };
		8D5B0E0221B77A200024BC8C /* MainCoordinator.swift in Sources */ = {isa = PBXBuildFile; fileRef = 8D5B0E0121B77A200024BC8C /* MainCoordinator.swift */; };
		8D5B5BEA21B7FF2200D32D78 /* characters.json in Resources */ = {isa = PBXBuildFile; fileRef = 8D5B5BE921B7FF2200D32D78 /* characters.json */; };
		8D5B5BEC21B7FF5500D32D78 /* MarvelApiProviderTest.swift in Sources */ = {isa = PBXBuildFile; fileRef = 8D5B5BEB21B7FF5500D32D78 /* MarvelApiProviderTest.swift */; };
		8D5B5BEE21B7FFD300D32D78 /* MockURLProtocol.swift in Sources */ = {isa = PBXBuildFile; fileRef = 8D5B5BED21B7FFD300D32D78 /* MockURLProtocol.swift */; };
		8D5B5BF021B803DA00D32D78 /* Result.swift in Sources */ = {isa = PBXBuildFile; fileRef = 8D5B5BEF21B803DA00D32D78 /* Result.swift */; };
		8D5B5BF221B8943B00D32D78 /* XCTestCase.swift in Sources */ = {isa = PBXBuildFile; fileRef = 8D5B5BF121B8943B00D32D78 /* XCTestCase.swift */; };
		8D5B5BF421B8982B00D32D78 /* ListCharactersViewModelTest.swift in Sources */ = {isa = PBXBuildFile; fileRef = 8D5B5BF321B8982B00D32D78 /* ListCharactersViewModelTest.swift */; };
		8D5B5BF621B89FAD00D32D78 /* MarvelApiProviderType.swift in Sources */ = {isa = PBXBuildFile; fileRef = 8D5B5BF521B89FAD00D32D78 /* MarvelApiProviderType.swift */; };
		8D5B5BF921B8D11D00D32D78 /* UIView+lock+unlock.swift in Sources */ = {isa = PBXBuildFile; fileRef = 8D5B5BF821B8D11D00D32D78 /* UIView+lock+unlock.swift */; };
		8D72E64521BA43BF00627E5F /* Paginator.swift in Sources */ = {isa = PBXBuildFile; fileRef = 8D72E64421BA43BF00627E5F /* Paginator.swift */; };
		8D72E64721BA454400627E5F /* ComicViewModel.swift in Sources */ = {isa = PBXBuildFile; fileRef = 8D72E64621BA454400627E5F /* ComicViewModel.swift */; };
		8D72E64921BA4CC600627E5F /* UIImageView+loadImage.swift in Sources */ = {isa = PBXBuildFile; fileRef = 8D72E64821BA4CC600627E5F /* UIImageView+loadImage.swift */; };
		8D72E64B21BA50FA00627E5F /* ImageTest.swift in Sources */ = {isa = PBXBuildFile; fileRef = 8D72E64A21BA50FA00627E5F /* ImageTest.swift */; };
		8D72E65121BA9F8B00627E5F /* MockListCharacterViewModelDelegate.swift in Sources */ = {isa = PBXBuildFile; fileRef = 8D72E65021BA9F8B00627E5F /* MockListCharacterViewModelDelegate.swift */; };
		8D72E65321BAA37700627E5F /* comics.json in Resources */ = {isa = PBXBuildFile; fileRef = 8D72E65221BAA37600627E5F /* comics.json */; };
		8D72E65521BAA3D900627E5F /* CharacterDetailViewModelTest.swift in Sources */ = {isa = PBXBuildFile; fileRef = 8D72E65421BAA3D900627E5F /* CharacterDetailViewModelTest.swift */; };
		8D8EE8DB21E9421500DF95FF /* MainCoordinatorTest.swift in Sources */ = {isa = PBXBuildFile; fileRef = 8D8EE8DA21E9421500DF95FF /* MainCoordinatorTest.swift */; };
		8D8EE8DD21E9422400DF95FF /* MockNavigator.swift in Sources */ = {isa = PBXBuildFile; fileRef = 8D8EE8DC21E9422400DF95FF /* MockNavigator.swift */; };
		8DDA7FED23A56B1F00B670D5 /* String+md5.swift in Sources */ = {isa = PBXBuildFile; fileRef = 8DDA7FEC23A56B1F00B670D5 /* String+md5.swift */; };
		8DFA30AD21BA30F4005DD7ED /* UIScrollView+reachBottom.swift in Sources */ = {isa = PBXBuildFile; fileRef = 8DFA30AC21BA30F4005DD7ED /* UIScrollView+reachBottom.swift */; };
		8DFA30AF21BA372D005DD7ED /* Character.swift in Sources */ = {isa = PBXBuildFile; fileRef = 8DFA30AE21BA372D005DD7ED /* Character.swift */; };
		8DFA30B121BA3741005DD7ED /* Image.swift in Sources */ = {isa = PBXBuildFile; fileRef = 8DFA30B021BA3741005DD7ED /* Image.swift */; };
		8DFA30B321BA375A005DD7ED /* Comic.swift in Sources */ = {isa = PBXBuildFile; fileRef = 8DFA30B221BA375A005DD7ED /* Comic.swift */; };
		F15FA3A08E85546E03C0B48B /* Pods_MarvelApp.framework in Frameworks */ = {isa = PBXBuildFile; fileRef = DD10471756F4072B48D15478 /* Pods_MarvelApp.framework */; };
/* End PBXBuildFile section */

/* Begin PBXContainerItemProxy section */
		8D29395721B6A1320072D6CB /* PBXContainerItemProxy */ = {
			isa = PBXContainerItemProxy;
			containerPortal = 8D29393A21B6A1300072D6CB /* Project object */;
			proxyType = 1;
			remoteGlobalIDString = 8D29394121B6A1300072D6CB;
			remoteInfo = MarvelApp;
		};
/* End PBXContainerItemProxy section */

/* Begin PBXFileReference section */
		00569A7C7FE5DF578C2FD44E /* Pods-MarvelAppTests.debug.xcconfig */ = {isa = PBXFileReference; includeInIndex = 1; lastKnownFileType = text.xcconfig; name = "Pods-MarvelAppTests.debug.xcconfig"; path = "Pods/Target Support Files/Pods-MarvelAppTests/Pods-MarvelAppTests.debug.xcconfig"; sourceTree = "<group>"; };
		3ECE2307B888EAE4C157AFEE /* Pods-MarvelApp.debug.xcconfig */ = {isa = PBXFileReference; includeInIndex = 1; lastKnownFileType = text.xcconfig; name = "Pods-MarvelApp.debug.xcconfig"; path = "Pods/Target Support Files/Pods-MarvelApp/Pods-MarvelApp.debug.xcconfig"; sourceTree = "<group>"; };
		3F3844BC6EF4C1F12F05C56C /* Pods-MarvelAppTests.release.xcconfig */ = {isa = PBXFileReference; includeInIndex = 1; lastKnownFileType = text.xcconfig; name = "Pods-MarvelAppTests.release.xcconfig"; path = "Pods/Target Support Files/Pods-MarvelAppTests/Pods-MarvelAppTests.release.xcconfig"; sourceTree = "<group>"; };
		8B63F6932E6A04D230EA4893 /* Pods-MarvelApp.release.xcconfig */ = {isa = PBXFileReference; includeInIndex = 1; lastKnownFileType = text.xcconfig; name = "Pods-MarvelApp.release.xcconfig"; path = "Pods/Target Support Files/Pods-MarvelApp/Pods-MarvelApp.release.xcconfig"; sourceTree = "<group>"; };
		8D29394221B6A1300072D6CB /* MarvelApp.app */ = {isa = PBXFileReference; explicitFileType = wrapper.application; includeInIndex = 0; path = MarvelApp.app; sourceTree = BUILT_PRODUCTS_DIR; };
		8D29394521B6A1300072D6CB /* AppDelegate.swift */ = {isa = PBXFileReference; lastKnownFileType = sourcecode.swift; path = AppDelegate.swift; sourceTree = "<group>"; };
		8D29394C21B6A1320072D6CB /* Assets.xcassets */ = {isa = PBXFileReference; lastKnownFileType = folder.assetcatalog; path = Assets.xcassets; sourceTree = "<group>"; };
		8D29394F21B6A1320072D6CB /* Base */ = {isa = PBXFileReference; lastKnownFileType = file.storyboard; name = Base; path = Base.lproj/LaunchScreen.storyboard; sourceTree = "<group>"; };
		8D29395121B6A1320072D6CB /* Info.plist */ = {isa = PBXFileReference; lastKnownFileType = text.plist.xml; path = Info.plist; sourceTree = "<group>"; };
		8D29395621B6A1320072D6CB /* MarvelAppTests.xctest */ = {isa = PBXFileReference; explicitFileType = wrapper.cfbundle; includeInIndex = 0; path = MarvelAppTests.xctest; sourceTree = BUILT_PRODUCTS_DIR; };
		8D29395C21B6A1320072D6CB /* Info.plist */ = {isa = PBXFileReference; lastKnownFileType = text.plist.xml; path = Info.plist; sourceTree = "<group>"; };
		8D29396521B6A1BE0072D6CB /* MarvelApi.swift */ = {isa = PBXFileReference; lastKnownFileType = sourcecode.swift; path = MarvelApi.swift; sourceTree = "<group>"; };
		8D29396721B6DEC90072D6CB /* DataWrapper.swift */ = {isa = PBXFileReference; lastKnownFileType = sourcecode.swift; path = DataWrapper.swift; sourceTree = "<group>"; };
		8D29396921B6E08F0072D6CB /* MarvelApiTest.swift */ = {isa = PBXFileReference; lastKnownFileType = sourcecode.swift; path = MarvelApiTest.swift; sourceTree = "<group>"; };
		8D3E136321B8DFC100CEBFE7 /* CharacterDetailViewController.swift */ = {isa = PBXFileReference; lastKnownFileType = sourcecode.swift; path = CharacterDetailViewController.swift; sourceTree = "<group>"; };
		8D3E136421B8DFC100CEBFE7 /* CharacterDetailViewController.xib */ = {isa = PBXFileReference; lastKnownFileType = file.xib; path = CharacterDetailViewController.xib; sourceTree = "<group>"; };
		8D3E136F21B98DE700CEBFE7 /* ComicCell.swift */ = {isa = PBXFileReference; lastKnownFileType = sourcecode.swift; path = ComicCell.swift; sourceTree = "<group>"; };
		8D3E137021B98DE800CEBFE7 /* ComicCell.xib */ = {isa = PBXFileReference; lastKnownFileType = file.xib; path = ComicCell.xib; sourceTree = "<group>"; };
		8D3E137321B9908700CEBFE7 /* HeaderComicReusableView.swift */ = {isa = PBXFileReference; lastKnownFileType = sourcecode.swift; path = HeaderComicReusableView.swift; sourceTree = "<group>"; };
		8D3E137421B9908700CEBFE7 /* HeaderComicReusableView.xib */ = {isa = PBXFileReference; lastKnownFileType = file.xib; path = HeaderComicReusableView.xib; sourceTree = "<group>"; };
		8D3E137721B9AA2F00CEBFE7 /* CharacterDetailViewModel.swift */ = {isa = PBXFileReference; lastKnownFileType = sourcecode.swift; path = CharacterDetailViewModel.swift; sourceTree = "<group>"; };
		8D3E137921BA2CE500CEBFE7 /* String+calculateHeight.swift */ = {isa = PBXFileReference; lastKnownFileType = sourcecode.swift; path = "String+calculateHeight.swift"; sourceTree = "<group>"; };
		8D5B0DE221B6F5350024BC8C /* MarvelConfig.swift */ = {isa = PBXFileReference; lastKnownFileType = sourcecode.swift; path = MarvelConfig.swift; sourceTree = "<group>"; };
		8D5B0DE421B717610024BC8C /* MarvelApiProvider.swift */ = {isa = PBXFileReference; lastKnownFileType = sourcecode.swift; path = MarvelApiProvider.swift; sourceTree = "<group>"; };
		8D5B0DEA21B7345F0024BC8C /* ListCharactersViewController.swift */ = {isa = PBXFileReference; lastKnownFileType = sourcecode.swift; path = ListCharactersViewController.swift; sourceTree = "<group>"; };
		8D5B0DEB21B7345F0024BC8C /* ListCharactersViewController.xib */ = {isa = PBXFileReference; lastKnownFileType = file.xib; path = ListCharactersViewController.xib; sourceTree = "<group>"; };
		8D5B0DEE21B735380024BC8C /* ListCharactersViewModel.swift */ = {isa = PBXFileReference; lastKnownFileType = sourcecode.swift; path = ListCharactersViewModel.swift; sourceTree = "<group>"; };
		8D5B0DF521B76A590024BC8C /* CharacterViewModel.swift */ = {isa = PBXFileReference; lastKnownFileType = sourcecode.swift; path = CharacterViewModel.swift; sourceTree = "<group>"; };
		8D5B0DFB21B774380024BC8C /* CharacterCell.swift */ = {isa = PBXFileReference; lastKnownFileType = sourcecode.swift; path = CharacterCell.swift; sourceTree = "<group>"; };
		8D5B0DFC21B774380024BC8C /* CharacterCell.xib */ = {isa = PBXFileReference; lastKnownFileType = file.xib; path = CharacterCell.xib; sourceTree = "<group>"; };
		8D5B0DFF21B7745B0024BC8C /* CollectionViewExtensions.swift */ = {isa = PBXFileReference; lastKnownFileType = sourcecode.swift; path = CollectionViewExtensions.swift; sourceTree = "<group>"; };
		8D5B0E0121B77A200024BC8C /* MainCoordinator.swift */ = {isa = PBXFileReference; lastKnownFileType = sourcecode.swift; path = MainCoordinator.swift; sourceTree = "<group>"; };
		8D5B5BE921B7FF2200D32D78 /* characters.json */ = {isa = PBXFileReference; fileEncoding = 4; lastKnownFileType = text.json; path = characters.json; sourceTree = "<group>"; };
		8D5B5BEB21B7FF5500D32D78 /* MarvelApiProviderTest.swift */ = {isa = PBXFileReference; lastKnownFileType = sourcecode.swift; path = MarvelApiProviderTest.swift; sourceTree = "<group>"; };
		8D5B5BED21B7FFD300D32D78 /* MockURLProtocol.swift */ = {isa = PBXFileReference; lastKnownFileType = sourcecode.swift; path = MockURLProtocol.swift; sourceTree = "<group>"; };
		8D5B5BEF21B803DA00D32D78 /* Result.swift */ = {isa = PBXFileReference; lastKnownFileType = sourcecode.swift; path = Result.swift; sourceTree = "<group>"; };
		8D5B5BF121B8943B00D32D78 /* XCTestCase.swift */ = {isa = PBXFileReference; lastKnownFileType = sourcecode.swift; path = XCTestCase.swift; sourceTree = "<group>"; };
		8D5B5BF321B8982B00D32D78 /* ListCharactersViewModelTest.swift */ = {isa = PBXFileReference; lastKnownFileType = sourcecode.swift; path = ListCharactersViewModelTest.swift; sourceTree = "<group>"; };
		8D5B5BF521B89FAD00D32D78 /* MarvelApiProviderType.swift */ = {isa = PBXFileReference; lastKnownFileType = sourcecode.swift; path = MarvelApiProviderType.swift; sourceTree = "<group>"; };
		8D5B5BF821B8D11D00D32D78 /* UIView+lock+unlock.swift */ = {isa = PBXFileReference; lastKnownFileType = sourcecode.swift; path = "UIView+lock+unlock.swift"; sourceTree = "<group>"; };
		8D72E64421BA43BF00627E5F /* Paginator.swift */ = {isa = PBXFileReference; lastKnownFileType = sourcecode.swift; path = Paginator.swift; sourceTree = "<group>"; };
		8D72E64621BA454400627E5F /* ComicViewModel.swift */ = {isa = PBXFileReference; lastKnownFileType = sourcecode.swift; path = ComicViewModel.swift; sourceTree = "<group>"; };
		8D72E64821BA4CC600627E5F /* UIImageView+loadImage.swift */ = {isa = PBXFileReference; lastKnownFileType = sourcecode.swift; path = "UIImageView+loadImage.swift"; sourceTree = "<group>"; };
		8D72E64A21BA50FA00627E5F /* ImageTest.swift */ = {isa = PBXFileReference; lastKnownFileType = sourcecode.swift; path = ImageTest.swift; sourceTree = "<group>"; };
		8D72E65021BA9F8B00627E5F /* MockListCharacterViewModelDelegate.swift */ = {isa = PBXFileReference; lastKnownFileType = sourcecode.swift; path = MockListCharacterViewModelDelegate.swift; sourceTree = "<group>"; };
		8D72E65221BAA37600627E5F /* comics.json */ = {isa = PBXFileReference; fileEncoding = 4; lastKnownFileType = text.json; path = comics.json; sourceTree = "<group>"; };
		8D72E65421BAA3D900627E5F /* CharacterDetailViewModelTest.swift */ = {isa = PBXFileReference; lastKnownFileType = sourcecode.swift; path = CharacterDetailViewModelTest.swift; sourceTree = "<group>"; };
		8D8EE8DA21E9421500DF95FF /* MainCoordinatorTest.swift */ = {isa = PBXFileReference; lastKnownFileType = sourcecode.swift; path = MainCoordinatorTest.swift; sourceTree = "<group>"; };
		8D8EE8DC21E9422400DF95FF /* MockNavigator.swift */ = {isa = PBXFileReference; lastKnownFileType = sourcecode.swift; path = MockNavigator.swift; sourceTree = "<group>"; };
		8DDA7FEC23A56B1F00B670D5 /* String+md5.swift */ = {isa = PBXFileReference; lastKnownFileType = sourcecode.swift; path = "String+md5.swift"; sourceTree = "<group>"; };
		8DFA30AC21BA30F4005DD7ED /* UIScrollView+reachBottom.swift */ = {isa = PBXFileReference; lastKnownFileType = sourcecode.swift; path = "UIScrollView+reachBottom.swift"; sourceTree = "<group>"; };
		8DFA30AE21BA372D005DD7ED /* Character.swift */ = {isa = PBXFileReference; lastKnownFileType = sourcecode.swift; path = Character.swift; sourceTree = "<group>"; };
		8DFA30B021BA3741005DD7ED /* Image.swift */ = {isa = PBXFileReference; lastKnownFileType = sourcecode.swift; path = Image.swift; sourceTree = "<group>"; };
		8DFA30B221BA375A005DD7ED /* Comic.swift */ = {isa = PBXFileReference; lastKnownFileType = sourcecode.swift; path = Comic.swift; sourceTree = "<group>"; };
		96B1A6D31011B2CE1E2DC860 /* Pods_MarvelAppTests.framework */ = {isa = PBXFileReference; explicitFileType = wrapper.framework; includeInIndex = 0; path = Pods_MarvelAppTests.framework; sourceTree = BUILT_PRODUCTS_DIR; };
		DD10471756F4072B48D15478 /* Pods_MarvelApp.framework */ = {isa = PBXFileReference; explicitFileType = wrapper.framework; includeInIndex = 0; path = Pods_MarvelApp.framework; sourceTree = BUILT_PRODUCTS_DIR; };
/* End PBXFileReference section */

/* Begin PBXFrameworksBuildPhase section */
		8D29393F21B6A1300072D6CB /* Frameworks */ = {
			isa = PBXFrameworksBuildPhase;
			buildActionMask = 2147483647;
			files = (
				F15FA3A08E85546E03C0B48B /* Pods_MarvelApp.framework in Frameworks */,
			);
			runOnlyForDeploymentPostprocessing = 0;
		};
		8D29395321B6A1320072D6CB /* Frameworks */ = {
			isa = PBXFrameworksBuildPhase;
			buildActionMask = 2147483647;
			files = (
				2FACC046E8EEC7B776098967 /* Pods_MarvelAppTests.framework in Frameworks */,
			);
			runOnlyForDeploymentPostprocessing = 0;
		};
/* End PBXFrameworksBuildPhase section */

/* Begin PBXGroup section */
		5B68662CAB8A58C8E2801757 /* Pods */ = {
			isa = PBXGroup;
			children = (
				3ECE2307B888EAE4C157AFEE /* Pods-MarvelApp.debug.xcconfig */,
				8B63F6932E6A04D230EA4893 /* Pods-MarvelApp.release.xcconfig */,
				00569A7C7FE5DF578C2FD44E /* Pods-MarvelAppTests.debug.xcconfig */,
				3F3844BC6EF4C1F12F05C56C /* Pods-MarvelAppTests.release.xcconfig */,
			);
			name = Pods;
			sourceTree = "<group>";
		};
		80B7B93693A75272EB9F79A5 /* Frameworks */ = {
			isa = PBXGroup;
			children = (
				DD10471756F4072B48D15478 /* Pods_MarvelApp.framework */,
				96B1A6D31011B2CE1E2DC860 /* Pods_MarvelAppTests.framework */,
			);
			name = Frameworks;
			sourceTree = "<group>";
		};
		8D29393921B6A1300072D6CB = {
			isa = PBXGroup;
			children = (
				8D29394421B6A1300072D6CB /* MarvelApp */,
				8D29395921B6A1320072D6CB /* MarvelAppTests */,
				8D29394321B6A1300072D6CB /* Products */,
				5B68662CAB8A58C8E2801757 /* Pods */,
				80B7B93693A75272EB9F79A5 /* Frameworks */,
			);
			sourceTree = "<group>";
		};
		8D29394321B6A1300072D6CB /* Products */ = {
			isa = PBXGroup;
			children = (
				8D29394221B6A1300072D6CB /* MarvelApp.app */,
				8D29395621B6A1320072D6CB /* MarvelAppTests.xctest */,
			);
			name = Products;
			sourceTree = "<group>";
		};
		8D29394421B6A1300072D6CB /* MarvelApp */ = {
			isa = PBXGroup;
			children = (
				8D29395121B6A1320072D6CB /* Info.plist */,
				8D5B0DE921B734450024BC8C /* List Characters */,
				8D3E136221B8DF6000CEBFE7 /* Character Detail */,
				8D5B0DE821B733E90024BC8C /* Supporting Files */,
				8D5B0DE721B733DF0024BC8C /* Model */,
				8D5B0DE621B733D00024BC8C /* Network */,
				8D5B5BF721B8D08900D32D78 /* Extensions */,
			);
			path = MarvelApp;
			sourceTree = "<group>";
		};
		8D29395921B6A1320072D6CB /* MarvelAppTests */ = {
			isa = PBXGroup;
			children = (
				8D29395C21B6A1320072D6CB /* Info.plist */,
				8D72E65221BAA37600627E5F /* comics.json */,
				8D5B5BE921B7FF2200D32D78 /* characters.json */,
				8D72E64D21BA51C700627E5F /* TestCases */,
				8D72E64C21BA51B100627E5F /* Supporting Files */,
			);
			path = MarvelAppTests;
			sourceTree = "<group>";
		};
		8D3E136221B8DF6000CEBFE7 /* Character Detail */ = {
			isa = PBXGroup;
			children = (
				8D3E136321B8DFC100CEBFE7 /* CharacterDetailViewController.swift */,
				8D3E136421B8DFC100CEBFE7 /* CharacterDetailViewController.xib */,
				8D3E137721B9AA2F00CEBFE7 /* CharacterDetailViewModel.swift */,
				8D3E136F21B98DE700CEBFE7 /* ComicCell.swift */,
				8D3E137021B98DE800CEBFE7 /* ComicCell.xib */,
				8D72E64621BA454400627E5F /* ComicViewModel.swift */,
				8D3E137321B9908700CEBFE7 /* HeaderComicReusableView.swift */,
				8D3E137421B9908700CEBFE7 /* HeaderComicReusableView.xib */,
			);
			path = "Character Detail";
			sourceTree = "<group>";
		};
		8D5B0DE621B733D00024BC8C /* Network */ = {
			isa = PBXGroup;
			children = (
				8D72E64421BA43BF00627E5F /* Paginator.swift */,
				8D29396521B6A1BE0072D6CB /* MarvelApi.swift */,
				8D5B0DE221B6F5350024BC8C /* MarvelConfig.swift */,
				8D5B5BF521B89FAD00D32D78 /* MarvelApiProviderType.swift */,
				8D5B0DE421B717610024BC8C /* MarvelApiProvider.swift */,
			);
			path = Network;
			sourceTree = "<group>";
		};
		8D5B0DE721B733DF0024BC8C /* Model */ = {
			isa = PBXGroup;
			children = (
				8D29396721B6DEC90072D6CB /* DataWrapper.swift */,
				8D5B5BEF21B803DA00D32D78 /* Result.swift */,
				8DFA30AE21BA372D005DD7ED /* Character.swift */,
				8DFA30B021BA3741005DD7ED /* Image.swift */,
				8DFA30B221BA375A005DD7ED /* Comic.swift */,
			);
			path = Model;
			sourceTree = "<group>";
		};
		8D5B0DE821B733E90024BC8C /* Supporting Files */ = {
			isa = PBXGroup;
			children = (
				8D29394521B6A1300072D6CB /* AppDelegate.swift */,
				8D29394C21B6A1320072D6CB /* Assets.xcassets */,
				8D29394E21B6A1320072D6CB /* LaunchScreen.storyboard */,
				8D5B0E0121B77A200024BC8C /* MainCoordinator.swift */,
			);
			path = "Supporting Files";
			sourceTree = "<group>";
		};
		8D5B0DE921B734450024BC8C /* List Characters */ = {
			isa = PBXGroup;
			children = (
				8D5B0DEA21B7345F0024BC8C /* ListCharactersViewController.swift */,
				8D5B0DEB21B7345F0024BC8C /* ListCharactersViewController.xib */,
				8D5B0DEE21B735380024BC8C /* ListCharactersViewModel.swift */,
				8D5B0DFB21B774380024BC8C /* CharacterCell.swift */,
				8D5B0DFC21B774380024BC8C /* CharacterCell.xib */,
				8D5B0DF521B76A590024BC8C /* CharacterViewModel.swift */,
			);
			path = "List Characters";
			sourceTree = "<group>";
		};
		8D5B5BF721B8D08900D32D78 /* Extensions */ = {
			isa = PBXGroup;
			children = (
				8D5B0DFF21B7745B0024BC8C /* CollectionViewExtensions.swift */,
				8D5B5BF821B8D11D00D32D78 /* UIView+lock+unlock.swift */,
				8D3E137921BA2CE500CEBFE7 /* String+calculateHeight.swift */,
				8DFA30AC21BA30F4005DD7ED /* UIScrollView+reachBottom.swift */,
				8D72E64821BA4CC600627E5F /* UIImageView+loadImage.swift */,
				8DDA7FEC23A56B1F00B670D5 /* String+md5.swift */,
			);
			path = Extensions;
			sourceTree = "<group>";
		};
		8D72E64C21BA51B100627E5F /* Supporting Files */ = {
			isa = PBXGroup;
			children = (
				8D5B5BED21B7FFD300D32D78 /* MockURLProtocol.swift */,
				8D5B5BF121B8943B00D32D78 /* XCTestCase.swift */,
				8D72E65021BA9F8B00627E5F /* MockListCharacterViewModelDelegate.swift */,
				8D8EE8DC21E9422400DF95FF /* MockNavigator.swift */,
			);
			path = "Supporting Files";
			sourceTree = "<group>";
		};
		8D72E64D21BA51C700627E5F /* TestCases */ = {
			isa = PBXGroup;
			children = (
				8D29396921B6E08F0072D6CB /* MarvelApiTest.swift */,
				8D5B5BEB21B7FF5500D32D78 /* MarvelApiProviderTest.swift */,
				8D5B5BF321B8982B00D32D78 /* ListCharactersViewModelTest.swift */,
				8D72E65421BAA3D900627E5F /* CharacterDetailViewModelTest.swift */,
				8D72E64A21BA50FA00627E5F /* ImageTest.swift */,
				8D8EE8DA21E9421500DF95FF /* MainCoordinatorTest.swift */,
			);
			path = TestCases;
			sourceTree = "<group>";
		};
/* End PBXGroup section */

/* Begin PBXNativeTarget section */
		8D29394121B6A1300072D6CB /* MarvelApp */ = {
			isa = PBXNativeTarget;
			buildConfigurationList = 8D29395F21B6A1320072D6CB /* Build configuration list for PBXNativeTarget "MarvelApp" */;
			buildPhases = (
				ACDFCF239B6E656E6239CA29 /* [CP] Check Pods Manifest.lock */,
				8DBDD3E92210E3FA001206F2 /* SwiftLint */,
				8D29393E21B6A1300072D6CB /* Sources */,
				8D29393F21B6A1300072D6CB /* Frameworks */,
				8D29394021B6A1300072D6CB /* Resources */,
				0C66EE55E30A60883F6305C9 /* [CP] Embed Pods Frameworks */,
			);
			buildRules = (
			);
			dependencies = (
			);
			name = MarvelApp;
			productName = MarvelApp;
			productReference = 8D29394221B6A1300072D6CB /* MarvelApp.app */;
			productType = "com.apple.product-type.application";
		};
		8D29395521B6A1320072D6CB /* MarvelAppTests */ = {
			isa = PBXNativeTarget;
			buildConfigurationList = 8D29396221B6A1320072D6CB /* Build configuration list for PBXNativeTarget "MarvelAppTests" */;
			buildPhases = (
				CD189C84CDECA4982BE0F287 /* [CP] Check Pods Manifest.lock */,
				8D29395221B6A1320072D6CB /* Sources */,
				8D29395321B6A1320072D6CB /* Frameworks */,
				8D29395421B6A1320072D6CB /* Resources */,
			);
			buildRules = (
			);
			dependencies = (
				8D29395821B6A1320072D6CB /* PBXTargetDependency */,
			);
			name = MarvelAppTests;
			productName = MarvelAppTests;
			productReference = 8D29395621B6A1320072D6CB /* MarvelAppTests.xctest */;
			productType = "com.apple.product-type.bundle.unit-test";
		};
/* End PBXNativeTarget section */

/* Begin PBXProject section */
		8D29393A21B6A1300072D6CB /* Project object */ = {
			isa = PBXProject;
			attributes = {
				LastSwiftUpdateCheck = 1010;
				LastUpgradeCheck = 1010;
				ORGANIZATIONNAME = "Homero Oliveira";
				TargetAttributes = {
					8D29394121B6A1300072D6CB = {
						CreatedOnToolsVersion = 10.1;
					};
					8D29395521B6A1320072D6CB = {
						CreatedOnToolsVersion = 10.1;
						TestTargetID = 8D29394121B6A1300072D6CB;
					};
				};
			};
			buildConfigurationList = 8D29393D21B6A1300072D6CB /* Build configuration list for PBXProject "MarvelApp" */;
			compatibilityVersion = "Xcode 9.3";
			developmentRegion = en;
			hasScannedForEncodings = 0;
			knownRegions = (
				en,
				Base,
			);
			mainGroup = 8D29393921B6A1300072D6CB;
			productRefGroup = 8D29394321B6A1300072D6CB /* Products */;
			projectDirPath = "";
			projectRoot = "";
			targets = (
				8D29394121B6A1300072D6CB /* MarvelApp */,
				8D29395521B6A1320072D6CB /* MarvelAppTests */,
			);
		};
/* End PBXProject section */

/* Begin PBXResourcesBuildPhase section */
		8D29394021B6A1300072D6CB /* Resources */ = {
			isa = PBXResourcesBuildPhase;
			buildActionMask = 2147483647;
			files = (
				8D5B0DED21B7345F0024BC8C /* ListCharactersViewController.xib in Resources */,
				8D29395021B6A1320072D6CB /* LaunchScreen.storyboard in Resources */,
				8D29394D21B6A1320072D6CB /* Assets.xcassets in Resources */,
				8D3E136621B8DFC100CEBFE7 /* CharacterDetailViewController.xib in Resources */,
				8D3E137221B98DE800CEBFE7 /* ComicCell.xib in Resources */,
				8D3E137621B9908700CEBFE7 /* HeaderComicReusableView.xib in Resources */,
				8D5B0DFE21B774380024BC8C /* CharacterCell.xib in Resources */,
			);
			runOnlyForDeploymentPostprocessing = 0;
		};
		8D29395421B6A1320072D6CB /* Resources */ = {
			isa = PBXResourcesBuildPhase;
			buildActionMask = 2147483647;
			files = (
				8D5B5BEA21B7FF2200D32D78 /* characters.json in Resources */,
				8D72E65321BAA37700627E5F /* comics.json in Resources */,
			);
			runOnlyForDeploymentPostprocessing = 0;
		};
/* End PBXResourcesBuildPhase section */

/* Begin PBXShellScriptBuildPhase section */
		0C66EE55E30A60883F6305C9 /* [CP] Embed Pods Frameworks */ = {
			isa = PBXShellScriptBuildPhase;
			buildActionMask = 2147483647;
			files = (
			);
			inputFileListPaths = (
				"${PODS_ROOT}/Target Support Files/Pods-MarvelApp/Pods-MarvelApp-frameworks-${CONFIGURATION}-input-files.xcfilelist",
			);
			name = "[CP] Embed Pods Frameworks";
			outputFileListPaths = (
				"${PODS_ROOT}/Target Support Files/Pods-MarvelApp/Pods-MarvelApp-frameworks-${CONFIGURATION}-output-files.xcfilelist",
			);
			runOnlyForDeploymentPostprocessing = 0;
			shellPath = /bin/sh;
			shellScript = "\"${PODS_ROOT}/Target Support Files/Pods-MarvelApp/Pods-MarvelApp-frameworks.sh\"\n";
			showEnvVarsInLog = 0;
		};
		8DBDD3E92210E3FA001206F2 /* SwiftLint */ = {
			isa = PBXShellScriptBuildPhase;
			buildActionMask = 2147483647;
			files = (
			);
			inputFileListPaths = (
			);
			inputPaths = (
			);
			name = SwiftLint;
			outputFileListPaths = (
			);
			outputPaths = (
			);
			runOnlyForDeploymentPostprocessing = 0;
			shellPath = /bin/sh;
			shellScript = "\"${PODS_ROOT}/SwiftLint/swiftlint\" autocorrect\n\"${PODS_ROOT}/SwiftLint/swiftlint\"\n";
		};
		ACDFCF239B6E656E6239CA29 /* [CP] Check Pods Manifest.lock */ = {
			isa = PBXShellScriptBuildPhase;
			buildActionMask = 2147483647;
			files = (
			);
			inputFileListPaths = (
			);
			inputPaths = (
				"${PODS_PODFILE_DIR_PATH}/Podfile.lock",
				"${PODS_ROOT}/Manifest.lock",
			);
			name = "[CP] Check Pods Manifest.lock";
			outputFileListPaths = (
			);
			outputPaths = (
				"$(DERIVED_FILE_DIR)/Pods-MarvelApp-checkManifestLockResult.txt",
			);
			runOnlyForDeploymentPostprocessing = 0;
			shellPath = /bin/sh;
			shellScript = "diff \"${PODS_PODFILE_DIR_PATH}/Podfile.lock\" \"${PODS_ROOT}/Manifest.lock\" > /dev/null\nif [ $? != 0 ] ; then\n    # print error to STDERR\n    echo \"error: The sandbox is not in sync with the Podfile.lock. Run 'pod install' or update your CocoaPods installation.\" >&2\n    exit 1\nfi\n# This output is used by Xcode 'outputs' to avoid re-running this script phase.\necho \"SUCCESS\" > \"${SCRIPT_OUTPUT_FILE_0}\"\n";
			showEnvVarsInLog = 0;
		};
		CD189C84CDECA4982BE0F287 /* [CP] Check Pods Manifest.lock */ = {
			isa = PBXShellScriptBuildPhase;
			buildActionMask = 2147483647;
			files = (
			);
			inputFileListPaths = (
			);
			inputPaths = (
				"${PODS_PODFILE_DIR_PATH}/Podfile.lock",
				"${PODS_ROOT}/Manifest.lock",
			);
			name = "[CP] Check Pods Manifest.lock";
			outputFileListPaths = (
			);
			outputPaths = (
				"$(DERIVED_FILE_DIR)/Pods-MarvelAppTests-checkManifestLockResult.txt",
			);
			runOnlyForDeploymentPostprocessing = 0;
			shellPath = /bin/sh;
			shellScript = "diff \"${PODS_PODFILE_DIR_PATH}/Podfile.lock\" \"${PODS_ROOT}/Manifest.lock\" > /dev/null\nif [ $? != 0 ] ; then\n    # print error to STDERR\n    echo \"error: The sandbox is not in sync with the Podfile.lock. Run 'pod install' or update your CocoaPods installation.\" >&2\n    exit 1\nfi\n# This output is used by Xcode 'outputs' to avoid re-running this script phase.\necho \"SUCCESS\" > \"${SCRIPT_OUTPUT_FILE_0}\"\n";
			showEnvVarsInLog = 0;
		};
/* End PBXShellScriptBuildPhase section */

/* Begin PBXSourcesBuildPhase section */
		8D29393E21B6A1300072D6CB /* Sources */ = {
			isa = PBXSourcesBuildPhase;
			buildActionMask = 2147483647;
			files = (
				8D3E137521B9908700CEBFE7 /* HeaderComicReusableView.swift in Sources */,
				8DFA30B321BA375A005DD7ED /* Comic.swift in Sources */,
				8D29396621B6A1BE0072D6CB /* MarvelApi.swift in Sources */,
				8DFA30B121BA3741005DD7ED /* Image.swift in Sources */,
				8D72E64521BA43BF00627E5F /* Paginator.swift in Sources */,
				8DDA7FED23A56B1F00B670D5 /* String+md5.swift in Sources */,
				8D5B5BF021B803DA00D32D78 /* Result.swift in Sources */,
				8D3E137121B98DE800CEBFE7 /* ComicCell.swift in Sources */,
				8D5B5BF621B89FAD00D32D78 /* MarvelApiProviderType.swift in Sources */,
				8D72E64921BA4CC600627E5F /* UIImageView+loadImage.swift in Sources */,
				8D72E64721BA454400627E5F /* ComicViewModel.swift in Sources */,
				8D5B0E0221B77A200024BC8C /* MainCoordinator.swift in Sources */,
				8D5B0E0021B7745B0024BC8C /* CollectionViewExtensions.swift in Sources */,
				8D3E136521B8DFC100CEBFE7 /* CharacterDetailViewController.swift in Sources */,
				8D3E137A21BA2CE500CEBFE7 /* String+calculateHeight.swift in Sources */,
				8D29396821B6DEC90072D6CB /* DataWrapper.swift in Sources */,
				8D5B0DE521B717610024BC8C /* MarvelApiProvider.swift in Sources */,
				8D3E137821B9AA2F00CEBFE7 /* CharacterDetailViewModel.swift in Sources */,
				8D5B0DEF21B735380024BC8C /* ListCharactersViewModel.swift in Sources */,
				8DFA30AF21BA372D005DD7ED /* Character.swift in Sources */,
				8D5B5BF921B8D11D00D32D78 /* UIView+lock+unlock.swift in Sources */,
				8D5B0DF621B76A590024BC8C /* CharacterViewModel.swift in Sources */,
				8D5B0DFD21B774380024BC8C /* CharacterCell.swift in Sources */,
				8D29394621B6A1300072D6CB /* AppDelegate.swift in Sources */,
				8D5B0DEC21B7345F0024BC8C /* ListCharactersViewController.swift in Sources */,
				8DFA30AD21BA30F4005DD7ED /* UIScrollView+reachBottom.swift in Sources */,
				8D5B0DE321B6F5350024BC8C /* MarvelConfig.swift in Sources */,
			);
			runOnlyForDeploymentPostprocessing = 0;
		};
		8D29395221B6A1320072D6CB /* Sources */ = {
			isa = PBXSourcesBuildPhase;
			buildActionMask = 2147483647;
			files = (
				8D5B5BF221B8943B00D32D78 /* XCTestCase.swift in Sources */,
				8D5B5BEC21B7FF5500D32D78 /* MarvelApiProviderTest.swift in Sources */,
				8D29396A21B6E08F0072D6CB /* MarvelApiTest.swift in Sources */,
				8D8EE8DD21E9422400DF95FF /* MockNavigator.swift in Sources */,
				8D72E64B21BA50FA00627E5F /* ImageTest.swift in Sources */,
				8D72E65521BAA3D900627E5F /* CharacterDetailViewModelTest.swift in Sources */,
				8D72E65121BA9F8B00627E5F /* MockListCharacterViewModelDelegate.swift in Sources */,
				8D8EE8DB21E9421500DF95FF /* MainCoordinatorTest.swift in Sources */,
				8D5B5BF421B8982B00D32D78 /* ListCharactersViewModelTest.swift in Sources */,
				8D5B5BEE21B7FFD300D32D78 /* MockURLProtocol.swift in Sources */,
			);
			runOnlyForDeploymentPostprocessing = 0;
		};
/* End PBXSourcesBuildPhase section */

/* Begin PBXTargetDependency section */
		8D29395821B6A1320072D6CB /* PBXTargetDependency */ = {
			isa = PBXTargetDependency;
			target = 8D29394121B6A1300072D6CB /* MarvelApp */;
			targetProxy = 8D29395721B6A1320072D6CB /* PBXContainerItemProxy */;
		};
/* End PBXTargetDependency section */

/* Begin PBXVariantGroup section */
		8D29394E21B6A1320072D6CB /* LaunchScreen.storyboard */ = {
			isa = PBXVariantGroup;
			children = (
				8D29394F21B6A1320072D6CB /* Base */,
			);
			name = LaunchScreen.storyboard;
			sourceTree = "<group>";
		};
/* End PBXVariantGroup section */

/* Begin XCBuildConfiguration section */
		8D29395D21B6A1320072D6CB /* Debug */ = {
			isa = XCBuildConfiguration;
			buildSettings = {
				ALWAYS_SEARCH_USER_PATHS = NO;
				CLANG_ANALYZER_NONNULL = YES;
				CLANG_ANALYZER_NUMBER_OBJECT_CONVERSION = YES_AGGRESSIVE;
				CLANG_CXX_LANGUAGE_STANDARD = "gnu++14";
				CLANG_CXX_LIBRARY = "libc++";
				CLANG_ENABLE_MODULES = YES;
				CLANG_ENABLE_OBJC_ARC = YES;
				CLANG_ENABLE_OBJC_WEAK = YES;
				CLANG_WARN_BLOCK_CAPTURE_AUTORELEASING = YES;
				CLANG_WARN_BOOL_CONVERSION = YES;
				CLANG_WARN_COMMA = YES;
				CLANG_WARN_CONSTANT_CONVERSION = YES;
				CLANG_WARN_DEPRECATED_OBJC_IMPLEMENTATIONS = YES;
				CLANG_WARN_DIRECT_OBJC_ISA_USAGE = YES_ERROR;
				CLANG_WARN_DOCUMENTATION_COMMENTS = YES;
				CLANG_WARN_EMPTY_BODY = YES;
				CLANG_WARN_ENUM_CONVERSION = YES;
				CLANG_WARN_INFINITE_RECURSION = YES;
				CLANG_WARN_INT_CONVERSION = YES;
				CLANG_WARN_NON_LITERAL_NULL_CONVERSION = YES;
				CLANG_WARN_OBJC_IMPLICIT_RETAIN_SELF = YES;
				CLANG_WARN_OBJC_LITERAL_CONVERSION = YES;
				CLANG_WARN_OBJC_ROOT_CLASS = YES_ERROR;
				CLANG_WARN_RANGE_LOOP_ANALYSIS = YES;
				CLANG_WARN_STRICT_PROTOTYPES = YES;
				CLANG_WARN_SUSPICIOUS_MOVE = YES;
				CLANG_WARN_UNGUARDED_AVAILABILITY = YES_AGGRESSIVE;
				CLANG_WARN_UNREACHABLE_CODE = YES;
				CLANG_WARN__DUPLICATE_METHOD_MATCH = YES;
				CODE_SIGN_IDENTITY = "iPhone Developer";
				COPY_PHASE_STRIP = NO;
				DEBUG_INFORMATION_FORMAT = dwarf;
				ENABLE_STRICT_OBJC_MSGSEND = YES;
				ENABLE_TESTABILITY = YES;
				GCC_C_LANGUAGE_STANDARD = gnu11;
				GCC_DYNAMIC_NO_PIC = NO;
				GCC_NO_COMMON_BLOCKS = YES;
				GCC_OPTIMIZATION_LEVEL = 0;
				GCC_PREPROCESSOR_DEFINITIONS = (
					"DEBUG=1",
					"$(inherited)",
				);
				GCC_WARN_64_TO_32_BIT_CONVERSION = YES;
				GCC_WARN_ABOUT_RETURN_TYPE = YES_ERROR;
				GCC_WARN_UNDECLARED_SELECTOR = YES;
				GCC_WARN_UNINITIALIZED_AUTOS = YES_AGGRESSIVE;
				GCC_WARN_UNUSED_FUNCTION = YES;
				GCC_WARN_UNUSED_VARIABLE = YES;
				IPHONEOS_DEPLOYMENT_TARGET = 12.1;
				MTL_ENABLE_DEBUG_INFO = INCLUDE_SOURCE;
				MTL_FAST_MATH = YES;
				ONLY_ACTIVE_ARCH = YES;
				SDKROOT = iphoneos;
				SWIFT_ACTIVE_COMPILATION_CONDITIONS = DEBUG;
				SWIFT_OPTIMIZATION_LEVEL = "-Onone";
			};
			name = Debug;
		};
		8D29395E21B6A1320072D6CB /* Release */ = {
			isa = XCBuildConfiguration;
			buildSettings = {
				ALWAYS_SEARCH_USER_PATHS = NO;
				CLANG_ANALYZER_NONNULL = YES;
				CLANG_ANALYZER_NUMBER_OBJECT_CONVERSION = YES_AGGRESSIVE;
				CLANG_CXX_LANGUAGE_STANDARD = "gnu++14";
				CLANG_CXX_LIBRARY = "libc++";
				CLANG_ENABLE_MODULES = YES;
				CLANG_ENABLE_OBJC_ARC = YES;
				CLANG_ENABLE_OBJC_WEAK = YES;
				CLANG_WARN_BLOCK_CAPTURE_AUTORELEASING = YES;
				CLANG_WARN_BOOL_CONVERSION = YES;
				CLANG_WARN_COMMA = YES;
				CLANG_WARN_CONSTANT_CONVERSION = YES;
				CLANG_WARN_DEPRECATED_OBJC_IMPLEMENTATIONS = YES;
				CLANG_WARN_DIRECT_OBJC_ISA_USAGE = YES_ERROR;
				CLANG_WARN_DOCUMENTATION_COMMENTS = YES;
				CLANG_WARN_EMPTY_BODY = YES;
				CLANG_WARN_ENUM_CONVERSION = YES;
				CLANG_WARN_INFINITE_RECURSION = YES;
				CLANG_WARN_INT_CONVERSION = YES;
				CLANG_WARN_NON_LITERAL_NULL_CONVERSION = YES;
				CLANG_WARN_OBJC_IMPLICIT_RETAIN_SELF = YES;
				CLANG_WARN_OBJC_LITERAL_CONVERSION = YES;
				CLANG_WARN_OBJC_ROOT_CLASS = YES_ERROR;
				CLANG_WARN_RANGE_LOOP_ANALYSIS = YES;
				CLANG_WARN_STRICT_PROTOTYPES = YES;
				CLANG_WARN_SUSPICIOUS_MOVE = YES;
				CLANG_WARN_UNGUARDED_AVAILABILITY = YES_AGGRESSIVE;
				CLANG_WARN_UNREACHABLE_CODE = YES;
				CLANG_WARN__DUPLICATE_METHOD_MATCH = YES;
				CODE_SIGN_IDENTITY = "iPhone Developer";
				COPY_PHASE_STRIP = NO;
				DEBUG_INFORMATION_FORMAT = "dwarf-with-dsym";
				ENABLE_NS_ASSERTIONS = NO;
				ENABLE_STRICT_OBJC_MSGSEND = YES;
				GCC_C_LANGUAGE_STANDARD = gnu11;
				GCC_NO_COMMON_BLOCKS = YES;
				GCC_WARN_64_TO_32_BIT_CONVERSION = YES;
				GCC_WARN_ABOUT_RETURN_TYPE = YES_ERROR;
				GCC_WARN_UNDECLARED_SELECTOR = YES;
				GCC_WARN_UNINITIALIZED_AUTOS = YES_AGGRESSIVE;
				GCC_WARN_UNUSED_FUNCTION = YES;
				GCC_WARN_UNUSED_VARIABLE = YES;
				IPHONEOS_DEPLOYMENT_TARGET = 12.1;
				MTL_ENABLE_DEBUG_INFO = NO;
				MTL_FAST_MATH = YES;
				SDKROOT = iphoneos;
				SWIFT_COMPILATION_MODE = wholemodule;
				SWIFT_OPTIMIZATION_LEVEL = "-O";
				VALIDATE_PRODUCT = YES;
			};
			name = Release;
		};
		8D29396021B6A1320072D6CB /* Debug */ = {
			isa = XCBuildConfiguration;
			baseConfigurationReference = 3ECE2307B888EAE4C157AFEE /* Pods-MarvelApp.debug.xcconfig */;
			buildSettings = {
				ASSETCATALOG_COMPILER_APPICON_NAME = AppIcon;
				CODE_SIGN_STYLE = Automatic;
				DEVELOPMENT_TEAM = 6UW4NKHZQ4;
				INFOPLIST_FILE = MarvelApp/Info.plist;
				LD_RUNPATH_SEARCH_PATHS = (
					"$(inherited)",
					"@executable_path/Frameworks",
				);
				PRODUCT_BUNDLE_IDENTIFIER = br.com.homero.codes.MarvelApp;
				PRODUCT_NAME = "$(TARGET_NAME)";
				SWIFT_VERSION = 4.2;
				TARGETED_DEVICE_FAMILY = "1,2";
			};
			name = Debug;
		};
		8D29396121B6A1320072D6CB /* Release */ = {
			isa = XCBuildConfiguration;
			baseConfigurationReference = 8B63F6932E6A04D230EA4893 /* Pods-MarvelApp.release.xcconfig */;
			buildSettings = {
				ASSETCATALOG_COMPILER_APPICON_NAME = AppIcon;
				CODE_SIGN_STYLE = Automatic;
				DEVELOPMENT_TEAM = 6UW4NKHZQ4;
				INFOPLIST_FILE = MarvelApp/Info.plist;
				LD_RUNPATH_SEARCH_PATHS = (
					"$(inherited)",
					"@executable_path/Frameworks",
				);
				PRODUCT_BUNDLE_IDENTIFIER = br.com.homero.codes.MarvelApp;
				PRODUCT_NAME = "$(TARGET_NAME)";
				SWIFT_VERSION = 4.2;
				TARGETED_DEVICE_FAMILY = "1,2";
			};
			name = Release;
		};
		8D29396321B6A1320072D6CB /* Debug */ = {
			isa = XCBuildConfiguration;
			baseConfigurationReference = 00569A7C7FE5DF578C2FD44E /* Pods-MarvelAppTests.debug.xcconfig */;
			buildSettings = {
				ALWAYS_EMBED_SWIFT_STANDARD_LIBRARIES = YES;
				BUNDLE_LOADER = "$(TEST_HOST)";
				CODE_SIGN_STYLE = Automatic;
				DEVELOPMENT_TEAM = 6UW4NKHZQ4;
				INFOPLIST_FILE = MarvelAppTests/Info.plist;
				LD_RUNPATH_SEARCH_PATHS = (
					"$(inherited)",
					"@executable_path/Frameworks",
					"@loader_path/Frameworks",
				);
				PRODUCT_BUNDLE_IDENTIFIER = br.com.homero.codes.MarvelAppTests;
				PRODUCT_NAME = "$(TARGET_NAME)";
				SWIFT_VERSION = 4.2;
				TARGETED_DEVICE_FAMILY = "1,2";
				TEST_HOST = "$(BUILT_PRODUCTS_DIR)/MarvelApp.app/MarvelApp";
			};
			name = Debug;
		};
		8D29396421B6A1320072D6CB /* Release */ = {
			isa = XCBuildConfiguration;
			baseConfigurationReference = 3F3844BC6EF4C1F12F05C56C /* Pods-MarvelAppTests.release.xcconfig */;
			buildSettings = {
				ALWAYS_EMBED_SWIFT_STANDARD_LIBRARIES = YES;
				BUNDLE_LOADER = "$(TEST_HOST)";
				CODE_SIGN_STYLE = Automatic;
				DEVELOPMENT_TEAM = 6UW4NKHZQ4;
				INFOPLIST_FILE = MarvelAppTests/Info.plist;
				LD_RUNPATH_SEARCH_PATHS = (
					"$(inherited)",
					"@executable_path/Frameworks",
					"@loader_path/Frameworks",
				);
				PRODUCT_BUNDLE_IDENTIFIER = br.com.homero.codes.MarvelAppTests;
				PRODUCT_NAME = "$(TARGET_NAME)";
				SWIFT_VERSION = 4.2;
				TARGETED_DEVICE_FAMILY = "1,2";
				TEST_HOST = "$(BUILT_PRODUCTS_DIR)/MarvelApp.app/MarvelApp";
			};
			name = Release;
		};
/* End XCBuildConfiguration section */

/* Begin XCConfigurationList section */
		8D29393D21B6A1300072D6CB /* Build configuration list for PBXProject "MarvelApp" */ = {
			isa = XCConfigurationList;
			buildConfigurations = (
				8D29395D21B6A1320072D6CB /* Debug */,
				8D29395E21B6A1320072D6CB /* Release */,
			);
			defaultConfigurationIsVisible = 0;
			defaultConfigurationName = Release;
		};
		8D29395F21B6A1320072D6CB /* Build configuration list for PBXNativeTarget "MarvelApp" */ = {
			isa = XCConfigurationList;
			buildConfigurations = (
				8D29396021B6A1320072D6CB /* Debug */,
				8D29396121B6A1320072D6CB /* Release */,
			);
			defaultConfigurationIsVisible = 0;
			defaultConfigurationName = Release;
		};
		8D29396221B6A1320072D6CB /* Build configuration list for PBXNativeTarget "MarvelAppTests" */ = {
			isa = XCConfigurationList;
			buildConfigurations = (
				8D29396321B6A1320072D6CB /* Debug */,
				8D29396421B6A1320072D6CB /* Release */,
			);
			defaultConfigurationIsVisible = 0;
			defaultConfigurationName = Release;
		};
/* End XCConfigurationList section */
	};
	rootObject = 8D29393A21B6A1300072D6CB /* Project object */;
}
